[[package]]
category = "main"
description = "Print text tables for terminals"
name = "beautifultable"
optional = false
python-versions = "*"
version = "1.0.1"

[package.dependencies]
wcwidth = "*"

[[package]]
category = "main"
description = "A simple Python library for easily displaying tabular data in a visually appealing ASCII table format"
name = "prettytable"
optional = false
python-versions = ">=3.6"
version = "2.1.0"

[package.dependencies]
wcwidth = "*"

[package.extras]
tests = ["pytest", "pytest-cov"]

[[package]]
category = "main"
description = "Measures the displayed width of unicode strings in a terminal"
name = "wcwidth"
optional = false
python-versions = "*"
version = "0.2.5"

[metadata]
content-hash = "6b40dfbad3a35c35fa506fb67f05f1c21c498fbc1782577346d2ccfaaf2b9494"
python-versions = "^3.8"

[metadata.files]
beautifultable = [
    {file = "beautifultable-1.0.1-py2.py3-none-any.whl", hash = "sha256:8079a7b4179fbb5c0f61d8b3ddd036a1e2b9246d1725b2d2fcde214f9c69f61b"},
    {file = "beautifultable-1.0.1.tar.gz", hash = "sha256:d2c9ce84f93794d8f158b0c76effba968d08fd2b4acce306911fe78210654dd1"},
]
prettytable = [
    {file = "prettytable-2.1.0-py3-none-any.whl", hash = "sha256:bb5abc72bdfae6f3cdadb04fb7726f6915af0ddb7c897a41d4ad7736d9bfd8fd"},
    {file = "prettytable-2.1.0.tar.gz", hash = "sha256:5882ed9092b391bb8f6e91f59bcdbd748924ff556bb7c634089d5519be87baa0"},
]
wcwidth = [
    {file = "wcwidth-0.2.5-py2.py3-none-any.whl", hash = "sha256:beb4802a9cebb9144e99086eff703a642a13d6a0052920003a230f3294bbe784"},
    {file = "wcwidth-0.2.5.tar.gz", hash = "sha256:c4d647b99872929fdb7bdcaa4fbe7f01413ed3d98077df798530e5b04f116c83"},
]
